Microsoft Visual Studio Solution File, Format Version 12.00
# Visual Studio Version 17
VisualStudioVersion = 17.5.2.0
MinimumVisualStudioVersion = 10.0.40219.1
Project("{2150E333-8FDC-42A3-9474-1A3956D46DE8}") = "tools", "tools", "{07C2787E-EAC7-C090-1BA3-A61EC2A24D84}"
EndProject
Project("{2150E333-8FDC-42A3-9474-1A3956D46DE8}") = "examples", "examples", "{B36A84DF-456D-A817-6EDD-3EC3E7F6E11F}"
EndProject
Project("{2150E333-8FDC-42A3-9474-1A3956D46DE8}") = "dotnet", "dotnet", "{71E6E750-85FD-B5BC-4321-E01377EC6231}"
EndProject
Project("{FAE04EC0-301F-11D3-BF4B-00C04F79EFBC}") = "Runfiles", "tools\runfiles\Runfiles.csproj", "{B25BE5FD-9B5D-842F-48A3-4D61BCCFF225}"
EndProject
Project("{FAE04EC0-301F-11D3-BF4B-00C04F79EFBC}") = "AspNetCore", "examples\aspnetcore\AspNetCore.csproj", "{79F0DDD1-3881-3249-1ECE-404D1939FB98}"
EndProject
Project("{2150E333-8FDC-42A3-9474-1A3956D46DE8}") = "runfiles", "runfiles", "{C6FDD656-E934-AC8D-D8AA-33C5A2504EE7}"
EndProject
Project("{2150E333-8FDC-42A3-9474-1A3956D46DE8}") = "tests", "tests", "{D62D7F20-2EF0-B1F2-40FF-74A78B5A6593}"
EndProject
Project("{FAE04EC0-301F-11D3-BF4B-00C04F79EFBC}") = "RunfilesTest", "tools\runfiles\tests\RunfilesTest.csproj", "{62951335-D171-DCB0-70C9-301F8A88FE31}"
EndProject
Project("{2150E333-8FDC-42A3-9474-1A3956D46DE8}") = "private", "private", "{7EC89174-FC89-C718-D40D-6EC48F1080A8}"
EndProject
Project("{2150E333-8FDC-42A3-9474-1A3956D46DE8}") = "tools", "tools", "{B8A13B55-A42F-1F39-4597-D23C682C7FE8}"
EndProject
Project("{2150E333-8FDC-42A3-9474-1A3956D46DE8}") = "apphost_shimmer", "apphost_shimmer", "{FDB7A4C0-4B99-A02E-A890-12F9117A8D00}"
EndProject
Project("{FAE04EC0-301F-11D3-BF4B-00C04F79EFBC}") = "ApphostShimmer", "dotnet\private\tools\apphost_shimmer\ApphostShimmer.csproj", "{016DF812-6445-B105-E36C-562034BF7798}"
EndProject
Project("{2150E333-8FDC-42A3-9474-1A3956D46DE8}") = "tests", "tests", "{A8169312-96F9-778E-A7E0-E7E84879A7B4}"
EndProject
Project("{FAE04EC0-301F-11D3-BF4B-00C04F79EFBC}") = "resource_assemblies", "dotnet\private\tests\resource_assemblies\resource_assemblies.csproj", "{D7A0D0A9-494B-EBA8-5481-2836A3AC8100}"
EndProject
Project("{2150E333-8FDC-42A3-9474-1A3956D46DE8}") = "dependency_resolution", "dependency_resolution", "{845EA936-6888-878A-F23A-F224B4885E15}"
EndProject
Project("{FAE04EC0-301F-11D3-BF4B-00C04F79EFBC}") = "conflicting_targeting_pack_deps", "dotnet\private\tests\dependency_resolution\conflicting_targeting_pack_deps\conflicting_targeting_pack_deps.csproj", "{7D3F07B0-F71D-74C7-B05C-E82E7251223D}"
EndProject
Project("{FAE04EC0-301F-11D3-BF4B-00C04F79EFBC}") = "targeting_pack_nuget_conflict", "dotnet\private\tests\dependency_resolution\targeting_pack_nuget_conflict\targeting_pack_nuget_conflict.csproj", "{9A8E33E4-74BF-026D-3345-FC2F93D71D0D}"
EndProject
Project("{2150E333-8FDC-42A3-9474-1A3956D46DE8}") = "netcore_to_netstandard", "netcore_to_netstandard", "{218A3173-4118-7758-0306-5B636359A0AB}"
EndProject
Project("{2150E333-8FDC-42A3-9474-1A3956D46DE8}") = "netstandardlib", "netstandardlib", "{1C0FFA61-D9B2-5524-72A1-B81878256B41}"
EndProject
Project("{FAE04EC0-301F-11D3-BF4B-00C04F79EFBC}") = "netstaandardlib", "dotnet\private\tests\dependency_resolution\netcore_to_netstandard\netstandardlib\netstaandardlib.csproj", "{217C19DF-0990-6329-DD8D-A5A66B29116B}"
EndProject
Project("{FAE04EC0-301F-11D3-BF4B-00C04F79EFBC}") = "netcore", "dotnet\private\tests\dependency_resolution\netcore_to_netstandard\netcore\netcore.csproj", "{16FECF13-E148-C9FD-BB1D-7939D201A4FC}"
EndProject
Project("{2150E333-8FDC-42A3-9474-1A3956D46DE8}") = "diamond_dependencies", "diamond_dependencies", "{AB600A21-CCCD-F1BC-2D26-E9EF970E4637}"
EndProject
Project("{FAE04EC0-301F-11D3-BF4B-00C04F79EFBC}") = "ac", "dotnet\private\tests\dependency_resolution\diamond_dependencies\ac\ac.csproj", "{25BBB0F6-48E7-E97A-36DA-4BC6B2AE69B2}"
EndProject
Project("{FAE04EC0-301F-11D3-BF4B-00C04F79EFBC}") = "ab", "dotnet\private\tests\dependency_resolution\diamond_dependencies\ab\ab.csproj", "{DE3C372E-A282-9CA3-D96C-761E39A781B2}"
EndProject
Project("{2150E333-8FDC-42A3-9474-1A3956D46DE8}") = "a_with_direct_d", "a_with_direct_d", "{96E973B8-2A9F-4E6F-2B14-7E1844C1E14F}"
EndProject
Project("{FAE04EC0-301F-11D3-BF4B-00C04F79EFBC}") = "a", "dotnet\private\tests\dependency_resolution\diamond_dependencies\a_with_direct_d\a.csproj", "{12A52ADD-134A-8BB7-D151-7273C58ED2CF}"
EndProject
Project("{FAE04EC0-301F-11D3-BF4B-00C04F79EFBC}") = "d", "dotnet\private\tests\dependency_resolution\diamond_dependencies\d\d.csproj", "{B0D3D8F8-8343-193E-C1F0-2D3CE7C1FA82}"
EndProject
Project("{2150E333-8FDC-42A3-9474-1A3956D46DE8}") = "a_with_only_transitive_d", "a_with_only_transitive_d", "{A417AB92-9B57-4964-F811-FE44172AD2C1}"
EndProject
Project("{FAE04EC0-301F-11D3-BF4B-00C04F79EFBC}") = "a", "dotnet\private\tests\dependency_resolution\diamond_dependencies\a_with_only_transitive_d\a.csproj", "{F11A4206-1048-7B6C-A81E-A850BC2F4A63}"
EndProject
Global
	GlobalSection(SolutionConfigurationPlatforms) = preSolution
		Debug|Any CPU = Debug|Any CPU
		Release|Any CPU = Release|Any CPU
	EndGlobalSection
	GlobalSection(ProjectConfigurationPlatforms) = postSolution
		{B25BE5FD-9B5D-842F-48A3-4D61BCCFF225}.Debug|Any CPU.ActiveCfg = Debug|Any CPU
		{B25BE5FD-9B5D-842F-48A3-4D61BCCFF225}.Debug|Any CPU.Build.0 = Debug|Any CPU
		{B25BE5FD-9B5D-842F-48A3-4D61BCCFF225}.Release|Any CPU.ActiveCfg = Release|Any CPU
		{B25BE5FD-9B5D-842F-48A3-4D61BCCFF225}.Release|Any CPU.Build.0 = Release|Any CPU
		{79F0DDD1-3881-3249-1ECE-404D1939FB98}.Debug|Any CPU.ActiveCfg = Debug|Any CPU
		{79F0DDD1-3881-3249-1ECE-404D1939FB98}.Debug|Any CPU.Build.0 = Debug|Any CPU
		{79F0DDD1-3881-3249-1ECE-404D1939FB98}.Release|Any CPU.ActiveCfg = Release|Any CPU
		{79F0DDD1-3881-3249-1ECE-404D1939FB98}.Release|Any CPU.Build.0 = Release|Any CPU
		{62951335-D171-DCB0-70C9-301F8A88FE31}.Debug|Any CPU.ActiveCfg = Debug|Any CPU
		{62951335-D171-DCB0-70C9-301F8A88FE31}.Debug|Any CPU.Build.0 = Debug|Any CPU
		{62951335-D171-DCB0-70C9-301F8A88FE31}.Release|Any CPU.ActiveCfg = Release|Any CPU
		{62951335-D171-DCB0-70C9-301F8A88FE31}.Release|Any CPU.Build.0 = Release|Any CPU
		{016DF812-6445-B105-E36C-562034BF7798}.Debug|Any CPU.ActiveCfg = Debug|Any CPU
		{016DF812-6445-B105-E36C-562034BF7798}.Debug|Any CPU.Build.0 = Debug|Any CPU
		{016DF812-6445-B105-E36C-562034BF7798}.Release|Any CPU.ActiveCfg = Release|Any CPU
		{016DF812-6445-B105-E36C-562034BF7798}.Release|Any CPU.Build.0 = Release|Any CPU
		{D7A0D0A9-494B-EBA8-5481-2836A3AC8100}.Debug|Any CPU.ActiveCfg = Debug|Any CPU
		{D7A0D0A9-494B-EBA8-5481-2836A3AC8100}.Debug|Any CPU.Build.0 = Debug|Any CPU
		{D7A0D0A9-494B-EBA8-5481-2836A3AC8100}.Release|Any CPU.ActiveCfg = Release|Any CPU
		{D7A0D0A9-494B-EBA8-5481-2836A3AC8100}.Release|Any CPU.Build.0 = Release|Any CPU
		{7D3F07B0-F71D-74C7-B05C-E82E7251223D}.Debug|Any CPU.ActiveCfg = Debug|Any CPU
		{7D3F07B0-F71D-74C7-B05C-E82E7251223D}.Debug|Any CPU.Build.0 = Debug|Any CPU
		{7D3F07B0-F71D-74C7-B05C-E82E7251223D}.Release|Any CPU.ActiveCfg = Release|Any CPU
		{7D3F07B0-F71D-74C7-B05C-E82E7251223D}.Release|Any CPU.Build.0 = Release|Any CPU
		{9A8E33E4-74BF-026D-3345-FC2F93D71D0D}.Debug|Any CPU.ActiveCfg = Debug|Any CPU
		{9A8E33E4-74BF-026D-3345-FC2F93D71D0D}.Debug|Any CPU.Build.0 = Debug|Any CPU
		{9A8E33E4-74BF-026D-3345-FC2F93D71D0D}.Release|Any CPU.ActiveCfg = Release|Any CPU
		{9A8E33E4-74BF-026D-3345-FC2F93D71D0D}.Release|Any CPU.Build.0 = Release|Any CPU
		{217C19DF-0990-6329-DD8D-A5A66B29116B}.Debug|Any CPU.ActiveCfg = Debug|Any CPU
		{217C19DF-0990-6329-DD8D-A5A66B29116B}.Debug|Any CPU.Build.0 = Debug|Any CPU
		{217C19DF-0990-6329-DD8D-A5A66B29116B}.Release|Any CPU.ActiveCfg = Release|Any CPU
		{217C19DF-0990-6329-DD8D-A5A66B29116B}.Release|Any CPU.Build.0 = Release|Any CPU
		{16FECF13-E148-C9FD-BB1D-7939D201A4FC}.Debug|Any CPU.ActiveCfg = Debug|Any CPU
		{16FECF13-E148-C9FD-BB1D-7939D201A4FC}.Debug|Any CPU.Build.0 = Debug|Any CPU
		{16FECF13-E148-C9FD-BB1D-7939D201A4FC}.Release|Any CPU.ActiveCfg = Release|Any CPU
		{16FECF13-E148-C9FD-BB1D-7939D201A4FC}.Release|Any CPU.Build.0 = Release|Any CPU
		{25BBB0F6-48E7-E97A-36DA-4BC6B2AE69B2}.Debug|Any CPU.ActiveCfg = Debug|Any CPU
		{25BBB0F6-48E7-E97A-36DA-4BC6B2AE69B2}.Debug|Any CPU.Build.0 = Debug|Any CPU
		{25BBB0F6-48E7-E97A-36DA-4BC6B2AE69B2}.Release|Any CPU.ActiveCfg = Release|Any CPU
		{25BBB0F6-48E7-E97A-36DA-4BC6B2AE69B2}.Release|Any CPU.Build.0 = Release|Any CPU
		{DE3C372E-A282-9CA3-D96C-761E39A781B2}.Debug|Any CPU.ActiveCfg = Debug|Any CPU
		{DE3C372E-A282-9CA3-D96C-761E39A781B2}.Debug|Any CPU.Build.0 = Debug|Any CPU
		{DE3C372E-A282-9CA3-D96C-761E39A781B2}.Release|Any CPU.ActiveCfg = Release|Any CPU
		{DE3C372E-A282-9CA3-D96C-761E39A781B2}.Release|Any CPU.Build.0 = Release|Any CPU
		{12A52ADD-134A-8BB7-D151-7273C58ED2CF}.Debug|Any CPU.ActiveCfg = Debug|Any CPU
		{12A52ADD-134A-8BB7-D151-7273C58ED2CF}.Debug|Any CPU.Build.0 = Debug|Any CPU
		{12A52ADD-134A-8BB7-D151-7273C58ED2CF}.Release|Any CPU.ActiveCfg = Release|Any CPU
		{12A52ADD-134A-8BB7-D151-7273C58ED2CF}.Release|Any CPU.Build.0 = Release|Any CPU
		{B0D3D8F8-8343-193E-C1F0-2D3CE7C1FA82}.Debug|Any CPU.ActiveCfg = Debug|Any CPU
		{B0D3D8F8-8343-193E-C1F0-2D3CE7C1FA82}.Debug|Any CPU.Build.0 = Debug|Any CPU
		{B0D3D8F8-8343-193E-C1F0-2D3CE7C1FA82}.Release|Any CPU.ActiveCfg = Release|Any CPU
		{B0D3D8F8-8343-193E-C1F0-2D3CE7C1FA82}.Release|Any CPU.Build.0 = Release|Any CPU
		{F11A4206-1048-7B6C-A81E-A850BC2F4A63}.Debug|Any CPU.ActiveCfg = Debug|Any CPU
		{F11A4206-1048-7B6C-A81E-A850BC2F4A63}.Debug|Any CPU.Build.0 = Debug|Any CPU
		{F11A4206-1048-7B6C-A81E-A850BC2F4A63}.Release|Any CPU.ActiveCfg = Release|Any CPU
		{F11A4206-1048-7B6C-A81E-A850BC2F4A63}.Release|Any CPU.Build.0 = Release|Any CPU
	EndGlobalSection
	GlobalSection(SolutionProperties) = preSolution
		HideSolutionNode = FALSE
	EndGlobalSection
	GlobalSection(NestedProjects) = preSolution
		{B25BE5FD-9B5D-842F-48A3-4D61BCCFF225} = {07C2787E-EAC7-C090-1BA3-A61EC2A24D84}
		{79F0DDD1-3881-3249-1ECE-404D1939FB98} = {B36A84DF-456D-A817-6EDD-3EC3E7F6E11F}
		{C6FDD656-E934-AC8D-D8AA-33C5A2504EE7} = {07C2787E-EAC7-C090-1BA3-A61EC2A24D84}
		{D62D7F20-2EF0-B1F2-40FF-74A78B5A6593} = {C6FDD656-E934-AC8D-D8AA-33C5A2504EE7}
		{62951335-D171-DCB0-70C9-301F8A88FE31} = {D62D7F20-2EF0-B1F2-40FF-74A78B5A6593}
		{7EC89174-FC89-C718-D40D-6EC48F1080A8} = {71E6E750-85FD-B5BC-4321-E01377EC6231}
		{B8A13B55-A42F-1F39-4597-D23C682C7FE8} = {7EC89174-FC89-C718-D40D-6EC48F1080A8}
		{FDB7A4C0-4B99-A02E-A890-12F9117A8D00} = {B8A13B55-A42F-1F39-4597-D23C682C7FE8}
		{016DF812-6445-B105-E36C-562034BF7798} = {FDB7A4C0-4B99-A02E-A890-12F9117A8D00}
		{A8169312-96F9-778E-A7E0-E7E84879A7B4} = {7EC89174-FC89-C718-D40D-6EC48F1080A8}
		{D7A0D0A9-494B-EBA8-5481-2836A3AC8100} = {A8169312-96F9-778E-A7E0-E7E84879A7B4}
		{845EA936-6888-878A-F23A-F224B4885E15} = {A8169312-96F9-778E-A7E0-E7E84879A7B4}
		{7D3F07B0-F71D-74C7-B05C-E82E7251223D} = {845EA936-6888-878A-F23A-F224B4885E15}
		{9A8E33E4-74BF-026D-3345-FC2F93D71D0D} = {845EA936-6888-878A-F23A-F224B4885E15}
		{218A3173-4118-7758-0306-5B636359A0AB} = {845EA936-6888-878A-F23A-F224B4885E15}
		{1C0FFA61-D9B2-5524-72A1-B81878256B41} = {218A3173-4118-7758-0306-5B636359A0AB}
		{217C19DF-0990-6329-DD8D-A5A66B29116B} = {1C0FFA61-D9B2-5524-72A1-B81878256B41}
		{16FECF13-E148-C9FD-BB1D-7939D201A4FC} = {218A3173-4118-7758-0306-5B636359A0AB}
		{AB600A21-CCCD-F1BC-2D26-E9EF970E4637} = {845EA936-6888-878A-F23A-F224B4885E15}
		{25BBB0F6-48E7-E97A-36DA-4BC6B2AE69B2} = {AB600A21-CCCD-F1BC-2D26-E9EF970E4637}
		{DE3C372E-A282-9CA3-D96C-761E39A781B2} = {AB600A21-CCCD-F1BC-2D26-E9EF970E4637}
		{96E973B8-2A9F-4E6F-2B14-7E1844C1E14F} = {AB600A21-CCCD-F1BC-2D26-E9EF970E4637}
		{12A52ADD-134A-8BB7-D151-7273C58ED2CF} = {96E973B8-2A9F-4E6F-2B14-7E1844C1E14F}
		{B0D3D8F8-8343-193E-C1F0-2D3CE7C1FA82} = {AB600A21-CCCD-F1BC-2D26-E9EF970E4637}
		{A417AB92-9B57-4964-F811-FE44172AD2C1} = {AB600A21-CCCD-F1BC-2D26-E9EF970E4637}
		{F11A4206-1048-7B6C-A81E-A850BC2F4A63} = {A417AB92-9B57-4964-F811-FE44172AD2C1}
	EndGlobalSection
	GlobalSection(ExtensibilityGlobals) = postSolution
		SolutionGuid = {AD5C9158-EFA4-46F6-A080-C0BCF4F460C1}
	EndGlobalSection
EndGlobal
